{
    "_meta": {
        "hash": {
            "sha256": "b958c03956316bd4f778a7b4568da60f8980b2fa96c38f25b366c5def039193f"
        },
        "pipfile-spec": 6,
        "requires": {
            "python_version": "3.11"
        },
        "sources": [
            {
                "name": "pypi",
                "url": "https://pypi.org/simple",
                "verify_ssl": true
            }
        ]
    },
    "default": {
        //add bcrypt hashes here
            
            "markers": "python_version >= '3.7'",
            "version": "==2.2.3"
        }
    },
    "develop": {}
}
